
Microsoft Visual Studio Solution File, Format Version 12.00
# Visual Studio 15
VisualStudioVersion = 15.0.27729.1
MinimumVisualStudioVersion = 10.0.40219.1
Project("{FAE04EC0-301F-11D3-BF4B-00C04F79EFBC}") = "BlueSky", "BlueSky.csproj", "{76320C55-8E5E-4991-A906-D6864AA53E8D}"
EndProject
Project("{FAE04EC0-301F-11D3-BF4B-00C04F79EFBC}") = "BSky.Lifetime", "..\..\..\BSkyCommons\BSky.Lifetime\BSky.Lifetime.csproj", "{EDBC3AEB-6A30-45FD-BA1D-716DF4032D00}"
EndProject
Project("{FAE04EC0-301F-11D3-BF4B-00C04F79EFBC}") = "BSky.OutputGenerator", "..\..\..\BSkyCommons\BSky.OutputGenerator\BSky.OutputGenerator.csproj", "{A5F3D543-98EC-4F6A-A970-A74809822AA0}"
EndProject
Project("{FAE04EC0-301F-11D3-BF4B-00C04F79EFBC}") = "BSky.RecentFileHandler", "..\..\..\BSkyCommons\BSky.RecentFileHandler\BSky.RecentFileHandler.csproj", "{7C8B6F47-4C12-4EE7-AD45-13E526D00033}"
EndProject
Project("{FAE04EC0-301F-11D3-BF4B-00C04F79EFBC}") = "BSky.Service.StatisticsEngine", "..\..\..\BSkyCommons\BSky.Service.StatisticsEngine\BSky.Service.StatisticsEngine.csproj", "{65C691E3-E3E9-4A3E-8B70-9F9D25631575}"
EndProject
Project("{FAE04EC0-301F-11D3-BF4B-00C04F79EFBC}") = "BSkyStyler", "..\..\..\BSkyCommons\BSkyStyler\BSkyStyler.csproj", "{8ECDEF3F-0E10-4035-B493-99400D2FCC66}"
EndProject
Project("{FAE04EC0-301F-11D3-BF4B-00C04F79EFBC}") = "BSky.Statistics.Common", "..\..\..\BSkyCommons\BSky.Common\BSky.Statistics.Common.csproj", "{CB6B2AA1-3309-4F34-AA64-4ACD6D34D368}"
EndProject
Project("{FAE04EC0-301F-11D3-BF4B-00C04F79EFBC}") = "BSky.Statistics.R", "..\..\..\BSkyCommons\BSky.Statistics.R\BSky.Statistics.R.csproj", "{9A2C2CE3-C9F3-4829-8F17-62A46F097FD7}"
EndProject
Project("{FAE04EC0-301F-11D3-BF4B-00C04F79EFBC}") = "BSky.Controls", "..\..\..\BSkyCommons\BSky.Controls\BSky.Controls.csproj", "{40005075-D309-4DE0-B6F5-72D8BA08FCC9}"
EndProject
Project("{FAE04EC0-301F-11D3-BF4B-00C04F79EFBC}") = "BSky.MenuGenerator", "..\..\..\BSkyCommons\BSky.MenuGenerator\BSky.MenuGenerator.csproj", "{C71CD002-603E-4F5A-ABC9-AC7F5A272FD0}"
EndProject
Project("{FAE04EC0-301F-11D3-BF4B-00C04F79EFBC}") = "BSky.Interfaces", "..\..\..\BSkyCommons\BSky.Interfaces\BSky.Interfaces.csproj", "{E3C45C24-AD20-4F94-A816-7A3532F0271C}"
EndProject
Project("{FAE04EC0-301F-11D3-BF4B-00C04F79EFBC}") = "BSky.Output.Viewer", "..\..\..\OutputViewerProject\libs\BSky.Output.Viewer\BSky.Output.Viewer.csproj", "{1575BD88-F790-4B51-9CE0-9F49F15FFFE2}"
EndProject
Project("{FAE04EC0-301F-11D3-BF4B-00C04F79EFBC}") = "BSky.Database.Interface", "..\..\..\BSkyCommons\BSky.Database.Interface\BSky.Database.Interface.csproj", "{19D2C169-2E2B-43D4-B352-D3764ACDEAD0}"
EndProject
Project("{FAE04EC0-301F-11D3-BF4B-00C04F79EFBC}") = "BSky.ExportToPDF", "..\..\..\BSkyCommons\BSky.ExportToPDF\BSky.ExportToPDF.csproj", "{17D4DBD7-A78B-4634-A335-522BC95CBBDB}"
EndProject
Project("{FAE04EC0-301F-11D3-BF4B-00C04F79EFBC}") = "MSExcelInterop", "..\..\..\BSkyCommons\MSExcelInterop\MSExcelInterop.csproj", "{FCC4B39A-D3D5-4448-B9EF-6E1FFD45A076}"
EndProject
Project("{FAE04EC0-301F-11D3-BF4B-00C04F79EFBC}") = "BSky.GlobalResources", "..\..\..\BSkyCommons\BSky.GlobalResources\BSky.GlobalResources.csproj", "{2FE725D0-D9B7-4CF6-9075-97AD7C3B5E09}"
EndProject
Project("{FAE04EC0-301F-11D3-BF4B-00C04F79EFBC}") = "MSWordInteropLib", "..\..\..\BSkyCommons\MSWordInteroplib\MSWordInteropLib.csproj", "{0F68640D-715E-4463-9F85-79B3110CA424}"
EndProject
Project("{FAE04EC0-301F-11D3-BF4B-00C04F79EFBC}") = "BSky.UsageLogger", "..\..\..\BSkyCommons\BSky.UsageLogger\BSky.UsageLogger.csproj", "{133C4C72-BF3D-4AD9-86D4-3818D8B24AFF}"
EndProject
Global
	GlobalSection(SolutionConfigurationPlatforms) = preSolution
		Debug|Any CPU = Debug|Any CPU
		Debug|Mixed Platforms = Debug|Mixed Platforms
		Debug|x86 = Debug|x86
		Prototype Debug|Any CPU = Prototype Debug|Any CPU
		Prototype Debug|Mixed Platforms = Prototype Debug|Mixed Platforms
		Prototype Debug|x86 = Prototype Debug|x86
		Release|Any CPU = Release|Any CPU
		Release|Mixed Platforms = Release|Mixed Platforms
		Release|x86 = Release|x86
	EndGlobalSection
	GlobalSection(ProjectConfigurationPlatforms) = postSolution
		{76320C55-8E5E-4991-A906-D6864AA53E8D}.Debug|Any CPU.ActiveCfg = Debug|Any CPU
		{76320C55-8E5E-4991-A906-D6864AA53E8D}.Debug|Any CPU.Build.0 = Debug|Any CPU
		{76320C55-8E5E-4991-A906-D6864AA53E8D}.Debug|Mixed Platforms.ActiveCfg = Debug|Any CPU
		{76320C55-8E5E-4991-A906-D6864AA53E8D}.Debug|Mixed Platforms.Build.0 = Debug|Any CPU
		{76320C55-8E5E-4991-A906-D6864AA53E8D}.Debug|x86.ActiveCfg = Debug|Any CPU
		{76320C55-8E5E-4991-A906-D6864AA53E8D}.Prototype Debug|Any CPU.ActiveCfg = Debug|Any CPU
		{76320C55-8E5E-4991-A906-D6864AA53E8D}.Prototype Debug|Any CPU.Build.0 = Debug|Any CPU
		{76320C55-8E5E-4991-A906-D6864AA53E8D}.Prototype Debug|Mixed Platforms.ActiveCfg = Debug|Any CPU
		{76320C55-8E5E-4991-A906-D6864AA53E8D}.Prototype Debug|Mixed Platforms.Build.0 = Debug|Any CPU
		{76320C55-8E5E-4991-A906-D6864AA53E8D}.Prototype Debug|x86.ActiveCfg = Debug|Any CPU
		{76320C55-8E5E-4991-A906-D6864AA53E8D}.Release|Any CPU.ActiveCfg = Release|Any CPU
		{76320C55-8E5E-4991-A906-D6864AA53E8D}.Release|Any CPU.Build.0 = Release|Any CPU
		{76320C55-8E5E-4991-A906-D6864AA53E8D}.Release|Mixed Platforms.ActiveCfg = Release|Any CPU
		{76320C55-8E5E-4991-A906-D6864AA53E8D}.Release|Mixed Platforms.Build.0 = Release|Any CPU
		{76320C55-8E5E-4991-A906-D6864AA53E8D}.Release|x86.ActiveCfg = Release|Any CPU
		{EDBC3AEB-6A30-45FD-BA1D-716DF4032D00}.Debug|Any CPU.ActiveCfg = Debug|Any CPU
		{EDBC3AEB-6A30-45FD-BA1D-716DF4032D00}.Debug|Any CPU.Build.0 = Debug|Any CPU
		{EDBC3AEB-6A30-45FD-BA1D-716DF4032D00}.Debug|Mixed Platforms.ActiveCfg = Debug|Any CPU
		{EDBC3AEB-6A30-45FD-BA1D-716DF4032D00}.Debug|Mixed Platforms.Build.0 = Debug|Any CPU
		{EDBC3AEB-6A30-45FD-BA1D-716DF4032D00}.Debug|x86.ActiveCfg = Debug|Any CPU
		{EDBC3AEB-6A30-45FD-BA1D-716DF4032D00}.Prototype Debug|Any CPU.ActiveCfg = Debug|Any CPU
		{EDBC3AEB-6A30-45FD-BA1D-716DF4032D00}.Prototype Debug|Any CPU.Build.0 = Debug|Any CPU
		{EDBC3AEB-6A30-45FD-BA1D-716DF4032D00}.Prototype Debug|Mixed Platforms.ActiveCfg = Debug|Any CPU
		{EDBC3AEB-6A30-45FD-BA1D-716DF4032D00}.Prototype Debug|Mixed Platforms.Build.0 = Debug|Any CPU
		{EDBC3AEB-6A30-45FD-BA1D-716DF4032D00}.Prototype Debug|x86.ActiveCfg = Debug|Any CPU
		{EDBC3AEB-6A30-45FD-BA1D-716DF4032D00}.Release|Any CPU.ActiveCfg = Release|Any CPU
		{EDBC3AEB-6A30-45FD-BA1D-716DF4032D00}.Release|Any CPU.Build.0 = Release|Any CPU
		{EDBC3AEB-6A30-45FD-BA1D-716DF4032D00}.Release|Mixed Platforms.ActiveCfg = Release|Any CPU
		{EDBC3AEB-6A30-45FD-BA1D-716DF4032D00}.Release|Mixed Platforms.Build.0 = Release|Any CPU
		{EDBC3AEB-6A30-45FD-BA1D-716DF4032D00}.Release|x86.ActiveCfg = Release|Any CPU
		{A5F3D543-98EC-4F6A-A970-A74809822AA0}.Debug|Any CPU.ActiveCfg = Debug|Any CPU
		{A5F3D543-98EC-4F6A-A970-A74809822AA0}.Debug|Any CPU.Build.0 = Debug|Any CPU
		{A5F3D543-98EC-4F6A-A970-A74809822AA0}.Debug|Mixed Platforms.ActiveCfg = Debug|Any CPU
		{A5F3D543-98EC-4F6A-A970-A74809822AA0}.Debug|Mixed Platforms.Build.0 = Debug|Any CPU
		{A5F3D543-98EC-4F6A-A970-A74809822AA0}.Debug|x86.ActiveCfg = Debug|Any CPU
		{A5F3D543-98EC-4F6A-A970-A74809822AA0}.Prototype Debug|Any CPU.ActiveCfg = Debug|Any CPU
		{A5F3D543-98EC-4F6A-A970-A74809822AA0}.Prototype Debug|Any CPU.Build.0 = Debug|Any CPU
		{A5F3D543-98EC-4F6A-A970-A74809822AA0}.Prototype Debug|Mixed Platforms.ActiveCfg = Debug|Any CPU
		{A5F3D543-98EC-4F6A-A970-A74809822AA0}.Prototype Debug|Mixed Platforms.Build.0 = Debug|Any CPU
		{A5F3D543-98EC-4F6A-A970-A74809822AA0}.Prototype Debug|x86.ActiveCfg = Debug|Any CPU
		{A5F3D543-98EC-4F6A-A970-A74809822AA0}.Release|Any CPU.ActiveCfg = Release|Any CPU
		{A5F3D543-98EC-4F6A-A970-A74809822AA0}.Release|Any CPU.Build.0 = Release|Any CPU
		{A5F3D543-98EC-4F6A-A970-A74809822AA0}.Release|Mixed Platforms.ActiveCfg = Release|Any CPU
		{A5F3D543-98EC-4F6A-A970-A74809822AA0}.Release|Mixed Platforms.Build.0 = Release|Any CPU
		{A5F3D543-98EC-4F6A-A970-A74809822AA0}.Release|x86.ActiveCfg = Release|Any CPU
		{7C8B6F47-4C12-4EE7-AD45-13E526D00033}.Debug|Any CPU.ActiveCfg = Debug|Any CPU
		{7C8B6F47-4C12-4EE7-AD45-13E526D00033}.Debug|Any CPU.Build.0 = Debug|Any CPU
		{7C8B6F47-4C12-4EE7-AD45-13E526D00033}.Debug|Mixed Platforms.ActiveCfg = Debug|Any CPU
		{7C8B6F47-4C12-4EE7-AD45-13E526D00033}.Debug|Mixed Platforms.Build.0 = Debug|Any CPU
		{7C8B6F47-4C12-4EE7-AD45-13E526D00033}.Debug|x86.ActiveCfg = Debug|Any CPU
		{7C8B6F47-4C12-4EE7-AD45-13E526D00033}.Prototype Debug|Any CPU.ActiveCfg = Debug|Any CPU
		{7C8B6F47-4C12-4EE7-AD45-13E526D00033}.Prototype Debug|Any CPU.Build.0 = Debug|Any CPU
		{7C8B6F47-4C12-4EE7-AD45-13E526D00033}.Prototype Debug|Mixed Platforms.ActiveCfg = Debug|Any CPU
		{7C8B6F47-4C12-4EE7-AD45-13E526D00033}.Prototype Debug|Mixed Platforms.Build.0 = Debug|Any CPU
		{7C8B6F47-4C12-4EE7-AD45-13E526D00033}.Prototype Debug|x86.ActiveCfg = Debug|Any CPU
		{7C8B6F47-4C12-4EE7-AD45-13E526D00033}.Release|Any CPU.ActiveCfg = Release|Any CPU
		{7C8B6F47-4C12-4EE7-AD45-13E526D00033}.Release|Any CPU.Build.0 = Release|Any CPU
		{7C8B6F47-4C12-4EE7-AD45-13E526D00033}.Release|Mixed Platforms.ActiveCfg = Release|Any CPU
		{7C8B6F47-4C12-4EE7-AD45-13E526D00033}.Release|Mixed Platforms.Build.0 = Release|Any CPU
		{7C8B6F47-4C12-4EE7-AD45-13E526D00033}.Release|x86.ActiveCfg = Release|Any CPU
		{65C691E3-E3E9-4A3E-8B70-9F9D25631575}.Debug|Any CPU.ActiveCfg = Debug|Any CPU
		{65C691E3-E3E9-4A3E-8B70-9F9D25631575}.Debug|Any CPU.Build.0 = Debug|Any CPU
		{65C691E3-E3E9-4A3E-8B70-9F9D25631575}.Debug|Mixed Platforms.ActiveCfg = Debug|Any CPU
		{65C691E3-E3E9-4A3E-8B70-9F9D25631575}.Debug|Mixed Platforms.Build.0 = Debug|Any CPU
		{65C691E3-E3E9-4A3E-8B70-9F9D25631575}.Debug|x86.ActiveCfg = Debug|Any CPU
		{65C691E3-E3E9-4A3E-8B70-9F9D25631575}.Prototype Debug|Any CPU.ActiveCfg = Prototype Debug|Any CPU
		{65C691E3-E3E9-4A3E-8B70-9F9D25631575}.Prototype Debug|Any CPU.Build.0 = Prototype Debug|Any CPU
		{65C691E3-E3E9-4A3E-8B70-9F9D25631575}.Prototype Debug|Mixed Platforms.ActiveCfg = Prototype Debug|Any CPU
		{65C691E3-E3E9-4A3E-8B70-9F9D25631575}.Prototype Debug|Mixed Platforms.Build.0 = Prototype Debug|Any CPU
		{65C691E3-E3E9-4A3E-8B70-9F9D25631575}.Prototype Debug|x86.ActiveCfg = Prototype Debug|Any CPU
		{65C691E3-E3E9-4A3E-8B70-9F9D25631575}.Release|Any CPU.ActiveCfg = Release|Any CPU
		{65C691E3-E3E9-4A3E-8B70-9F9D25631575}.Release|Any CPU.Build.0 = Release|Any CPU
		{65C691E3-E3E9-4A3E-8B70-9F9D25631575}.Release|Mixed Platforms.ActiveCfg = Release|Any CPU
		{65C691E3-E3E9-4A3E-8B70-9F9D25631575}.Release|Mixed Platforms.Build.0 = Release|Any CPU
		{65C691E3-E3E9-4A3E-8B70-9F9D25631575}.Release|x86.ActiveCfg = Release|Any CPU
		{8ECDEF3F-0E10-4035-B493-99400D2FCC66}.Debug|Any CPU.ActiveCfg = Debug|Any CPU
		{8ECDEF3F-0E10-4035-B493-99400D2FCC66}.Debug|Any CPU.Build.0 = Debug|Any CPU
		{8ECDEF3F-0E10-4035-B493-99400D2FCC66}.Debug|Mixed Platforms.ActiveCfg = Debug|Any CPU
		{8ECDEF3F-0E10-4035-B493-99400D2FCC66}.Debug|Mixed Platforms.Build.0 = Debug|Any CPU
		{8ECDEF3F-0E10-4035-B493-99400D2FCC66}.Debug|x86.ActiveCfg = Debug|Any CPU
		{8ECDEF3F-0E10-4035-B493-99400D2FCC66}.Prototype Debug|Any CPU.ActiveCfg = Debug|Any CPU
		{8ECDEF3F-0E10-4035-B493-99400D2FCC66}.Prototype Debug|Any CPU.Build.0 = Debug|Any CPU
		{8ECDEF3F-0E10-4035-B493-99400D2FCC66}.Prototype Debug|Mixed Platforms.ActiveCfg = Debug|Any CPU
		{8ECDEF3F-0E10-4035-B493-99400D2FCC66}.Prototype Debug|Mixed Platforms.Build.0 = Debug|Any CPU
		{8ECDEF3F-0E10-4035-B493-99400D2FCC66}.Prototype Debug|x86.ActiveCfg = Debug|Any CPU
		{8ECDEF3F-0E10-4035-B493-99400D2FCC66}.Release|Any CPU.ActiveCfg = Release|Any CPU
		{8ECDEF3F-0E10-4035-B493-99400D2FCC66}.Release|Any CPU.Build.0 = Release|Any CPU
		{8ECDEF3F-0E10-4035-B493-99400D2FCC66}.Release|Mixed Platforms.ActiveCfg = Release|Any CPU
		{8ECDEF3F-0E10-4035-B493-99400D2FCC66}.Release|Mixed Platforms.Build.0 = Release|Any CPU
		{8ECDEF3F-0E10-4035-B493-99400D2FCC66}.Release|x86.ActiveCfg = Release|Any CPU
		{CB6B2AA1-3309-4F34-AA64-4ACD6D34D368}.Debug|Any CPU.ActiveCfg = Debug|Any CPU
		{CB6B2AA1-3309-4F34-AA64-4ACD6D34D368}.Debug|Any CPU.Build.0 = Debug|Any CPU
		{CB6B2AA1-3309-4F34-AA64-4ACD6D34D368}.Debug|Mixed Platforms.ActiveCfg = Debug|Any CPU
		{CB6B2AA1-3309-4F34-AA64-4ACD6D34D368}.Debug|Mixed Platforms.Build.0 = Debug|Any CPU
		{CB6B2AA1-3309-4F34-AA64-4ACD6D34D368}.Debug|x86.ActiveCfg = Debug|Any CPU
		{CB6B2AA1-3309-4F34-AA64-4ACD6D34D368}.Prototype Debug|Any CPU.ActiveCfg = Prototype Debug|Any CPU
		{CB6B2AA1-3309-4F34-AA64-4ACD6D34D368}.Prototype Debug|Any CPU.Build.0 = Prototype Debug|Any CPU
		{CB6B2AA1-3309-4F34-AA64-4ACD6D34D368}.Prototype Debug|Mixed Platforms.ActiveCfg = Prototype Debug|Any CPU
		{CB6B2AA1-3309-4F34-AA64-4ACD6D34D368}.Prototype Debug|Mixed Platforms.Build.0 = Prototype Debug|Any CPU
		{CB6B2AA1-3309-4F34-AA64-4ACD6D34D368}.Prototype Debug|x86.ActiveCfg = Prototype Debug|Any CPU
		{CB6B2AA1-3309-4F34-AA64-4ACD6D34D368}.Release|Any CPU.ActiveCfg = Release|Any CPU
		{CB6B2AA1-3309-4F34-AA64-4ACD6D34D368}.Release|Any CPU.Build.0 = Release|Any CPU
		{CB6B2AA1-3309-4F34-AA64-4ACD6D34D368}.Release|Mixed Platforms.ActiveCfg = Release|Any CPU
		{CB6B2AA1-3309-4F34-AA64-4ACD6D34D368}.Release|Mixed Platforms.Build.0 = Release|Any CPU
		{CB6B2AA1-3309-4F34-AA64-4ACD6D34D368}.Release|x86.ActiveCfg = Release|Any CPU
		{9A2C2CE3-C9F3-4829-8F17-62A46F097FD7}.Debug|Any CPU.ActiveCfg = Debug|Any CPU
		{9A2C2CE3-C9F3-4829-8F17-62A46F097FD7}.Debug|Any CPU.Build.0 = Debug|Any CPU
		{9A2C2CE3-C9F3-4829-8F17-62A46F097FD7}.Debug|Mixed Platforms.ActiveCfg = Debug|Any CPU
		{9A2C2CE3-C9F3-4829-8F17-62A46F097FD7}.Debug|Mixed Platforms.Build.0 = Debug|Any CPU
		{9A2C2CE3-C9F3-4829-8F17-62A46F097FD7}.Debug|x86.ActiveCfg = Debug|Any CPU
		{9A2C2CE3-C9F3-4829-8F17-62A46F097FD7}.Prototype Debug|Any CPU.ActiveCfg = Prototype Debug|Any CPU
		{9A2C2CE3-C9F3-4829-8F17-62A46F097FD7}.Prototype Debug|Any CPU.Build.0 = Prototype Debug|Any CPU
		{9A2C2CE3-C9F3-4829-8F17-62A46F097FD7}.Prototype Debug|Mixed Platforms.ActiveCfg = Prototype Debug|Any CPU
		{9A2C2CE3-C9F3-4829-8F17-62A46F097FD7}.Prototype Debug|Mixed Platforms.Build.0 = Prototype Debug|Any CPU
		{9A2C2CE3-C9F3-4829-8F17-62A46F097FD7}.Prototype Debug|x86.ActiveCfg = Prototype Debug|Any CPU
		{9A2C2CE3-C9F3-4829-8F17-62A46F097FD7}.Release|Any CPU.ActiveCfg = Release|Any CPU
		{9A2C2CE3-C9F3-4829-8F17-62A46F097FD7}.Release|Any CPU.Build.0 = Release|Any CPU
		{9A2C2CE3-C9F3-4829-8F17-62A46F097FD7}.Release|Mixed Platforms.ActiveCfg = Release|Any CPU
		{9A2C2CE3-C9F3-4829-8F17-62A46F097FD7}.Release|Mixed Platforms.Build.0 = Release|Any CPU
		{9A2C2CE3-C9F3-4829-8F17-62A46F097FD7}.Release|x86.ActiveCfg = Release|Any CPU
		{40005075-D309-4DE0-B6F5-72D8BA08FCC9}.Debug|Any CPU.ActiveCfg = Debug|Any CPU
		{40005075-D309-4DE0-B6F5-72D8BA08FCC9}.Debug|Any CPU.Build.0 = Debug|Any CPU
		{40005075-D309-4DE0-B6F5-72D8BA08FCC9}.Debug|Mixed Platforms.ActiveCfg = Debug|Any CPU
		{40005075-D309-4DE0-B6F5-72D8BA08FCC9}.Debug|Mixed Platforms.Build.0 = Debug|Any CPU
		{40005075-D309-4DE0-B6F5-72D8BA08FCC9}.Debug|x86.ActiveCfg = Debug|Any CPU
		{40005075-D309-4DE0-B6F5-72D8BA08FCC9}.Prototype Debug|Any CPU.ActiveCfg = Debug|Any CPU
		{40005075-D309-4DE0-B6F5-72D8BA08FCC9}.Prototype Debug|Any CPU.Build.0 = Debug|Any CPU
		{40005075-D309-4DE0-B6F5-72D8BA08FCC9}.Prototype Debug|Mixed Platforms.ActiveCfg = Debug|Any CPU
		{40005075-D309-4DE0-B6F5-72D8BA08FCC9}.Prototype Debug|Mixed Platforms.Build.0 = Debug|Any CPU
		{40005075-D309-4DE0-B6F5-72D8BA08FCC9}.Prototype Debug|x86.ActiveCfg = Debug|Any CPU
		{40005075-D309-4DE0-B6F5-72D8BA08FCC9}.Release|Any CPU.ActiveCfg = Release|Any CPU
		{40005075-D309-4DE0-B6F5-72D8BA08FCC9}.Release|Any CPU.Build.0 = Release|Any CPU
		{40005075-D309-4DE0-B6F5-72D8BA08FCC9}.Release|Mixed Platforms.ActiveCfg = Release|Any CPU
		{40005075-D309-4DE0-B6F5-72D8BA08FCC9}.Release|Mixed Platforms.Build.0 = Release|Any CPU
		{40005075-D309-4DE0-B6F5-72D8BA08FCC9}.Release|x86.ActiveCfg = Release|Any CPU
		{C71CD002-603E-4F5A-ABC9-AC7F5A272FD0}.Debug|Any CPU.ActiveCfg = Debug|Any CPU
		{C71CD002-603E-4F5A-ABC9-AC7F5A272FD0}.Debug|Any CPU.Build.0 = Debug|Any CPU
		{C71CD002-603E-4F5A-ABC9-AC7F5A272FD0}.Debug|Mixed Platforms.ActiveCfg = Debug|Any CPU
		{C71CD002-603E-4F5A-ABC9-AC7F5A272FD0}.Debug|Mixed Platforms.Build.0 = Debug|Any CPU
		{C71CD002-603E-4F5A-ABC9-AC7F5A272FD0}.Debug|x86.ActiveCfg = Debug|Any CPU
		{C71CD002-603E-4F5A-ABC9-AC7F5A272FD0}.Prototype Debug|Any CPU.ActiveCfg = Debug|Any CPU
		{C71CD002-603E-4F5A-ABC9-AC7F5A272FD0}.Prototype Debug|Any CPU.Build.0 = Debug|Any CPU
		{C71CD002-603E-4F5A-ABC9-AC7F5A272FD0}.Prototype Debug|Mixed Platforms.ActiveCfg = Debug|Any CPU
		{C71CD002-603E-4F5A-ABC9-AC7F5A272FD0}.Prototype Debug|Mixed Platforms.Build.0 = Debug|Any CPU
		{C71CD002-603E-4F5A-ABC9-AC7F5A272FD0}.Prototype Debug|x86.ActiveCfg = Debug|Any CPU
		{C71CD002-603E-4F5A-ABC9-AC7F5A272FD0}.Release|Any CPU.ActiveCfg = Release|Any CPU
		{C71CD002-603E-4F5A-ABC9-AC7F5A272FD0}.Release|Any CPU.Build.0 = Release|Any CPU
		{C71CD002-603E-4F5A-ABC9-AC7F5A272FD0}.Release|Mixed Platforms.ActiveCfg = Release|Any CPU
		{C71CD002-603E-4F5A-ABC9-AC7F5A272FD0}.Release|Mixed Platforms.Build.0 = Release|Any CPU
		{C71CD002-603E-4F5A-ABC9-AC7F5A272FD0}.Release|x86.ActiveCfg = Release|Any CPU
		{E3C45C24-AD20-4F94-A816-7A3532F0271C}.Debug|Any CPU.ActiveCfg = Debug|Any CPU
		{E3C45C24-AD20-4F94-A816-7A3532F0271C}.Debug|Any CPU.Build.0 = Debug|Any CPU
		{E3C45C24-AD20-4F94-A816-7A3532F0271C}.Debug|Mixed Platforms.ActiveCfg = Debug|Any CPU
		{E3C45C24-AD20-4F94-A816-7A3532F0271C}.Debug|Mixed Platforms.Build.0 = Debug|Any CPU
		{E3C45C24-AD20-4F94-A816-7A3532F0271C}.Debug|x86.ActiveCfg = Debug|Any CPU
		{E3C45C24-AD20-4F94-A816-7A3532F0271C}.Prototype Debug|Any CPU.ActiveCfg = Debug|Any CPU
		{E3C45C24-AD20-4F94-A816-7A3532F0271C}.Prototype Debug|Any CPU.Build.0 = Debug|Any CPU
		{E3C45C24-AD20-4F94-A816-7A3532F0271C}.Prototype Debug|Mixed Platforms.ActiveCfg = Debug|Any CPU
		{E3C45C24-AD20-4F94-A816-7A3532F0271C}.Prototype Debug|Mixed Platforms.Build.0 = Debug|Any CPU
		{E3C45C24-AD20-4F94-A816-7A3532F0271C}.Prototype Debug|x86.ActiveCfg = Debug|Any CPU
		{E3C45C24-AD20-4F94-A816-7A3532F0271C}.Release|Any CPU.ActiveCfg = Release|Any CPU
		{E3C45C24-AD20-4F94-A816-7A3532F0271C}.Release|Any CPU.Build.0 = Release|Any CPU
		{E3C45C24-AD20-4F94-A816-7A3532F0271C}.Release|Mixed Platforms.ActiveCfg = Release|Any CPU
		{E3C45C24-AD20-4F94-A816-7A3532F0271C}.Release|Mixed Platforms.Build.0 = Release|Any CPU
		{E3C45C24-AD20-4F94-A816-7A3532F0271C}.Release|x86.ActiveCfg = Release|Any CPU
		{1575BD88-F790-4B51-9CE0-9F49F15FFFE2}.Debug|Any CPU.ActiveCfg = Debug|x86
		{1575BD88-F790-4B51-9CE0-9F49F15FFFE2}.Debug|Mixed Platforms.ActiveCfg = Debug|x86
		{1575BD88-F790-4B51-9CE0-9F49F15FFFE2}.Debug|Mixed Platforms.Build.0 = Debug|x86
		{1575BD88-F790-4B51-9CE0-9F49F15FFFE2}.Debug|x86.ActiveCfg = Debug|x86
		{1575BD88-F790-4B51-9CE0-9F49F15FFFE2}.Debug|x86.Build.0 = Debug|x86
		{1575BD88-F790-4B51-9CE0-9F49F15FFFE2}.Prototype Debug|Any CPU.ActiveCfg = Debug|x86
		{1575BD88-F790-4B51-9CE0-9F49F15FFFE2}.Prototype Debug|Mixed Platforms.ActiveCfg = Debug|x86
		{1575BD88-F790-4B51-9CE0-9F49F15FFFE2}.Prototype Debug|Mixed Platforms.Build.0 = Debug|x86
		{1575BD88-F790-4B51-9CE0-9F49F15FFFE2}.Prototype Debug|x86.ActiveCfg = Debug|x86
		{1575BD88-F790-4B51-9CE0-9F49F15FFFE2}.Prototype Debug|x86.Build.0 = Debug|x86
		{1575BD88-F790-4B51-9CE0-9F49F15FFFE2}.Release|Any CPU.ActiveCfg = Release|x86
		{1575BD88-F790-4B51-9CE0-9F49F15FFFE2}.Release|Mixed Platforms.ActiveCfg = Release|x86
		{1575BD88-F790-4B51-9CE0-9F49F15FFFE2}.Release|Mixed Platforms.Build.0 = Release|x86
		{1575BD88-F790-4B51-9CE0-9F49F15FFFE2}.Release|x86.ActiveCfg = Release|x86
		{1575BD88-F790-4B51-9CE0-9F49F15FFFE2}.Release|x86.Build.0 = Release|x86
		{19D2C169-2E2B-43D4-B352-D3764ACDEAD0}.Debug|Any CPU.ActiveCfg = Debug|Any CPU
		{19D2C169-2E2B-43D4-B352-D3764ACDEAD0}.Debug|Any CPU.Build.0 = Debug|Any CPU
		{19D2C169-2E2B-43D4-B352-D3764ACDEAD0}.Debug|Mixed Platforms.ActiveCfg = Debug|Any CPU
		{19D2C169-2E2B-43D4-B352-D3764ACDEAD0}.Debug|Mixed Platforms.Build.0 = Debug|Any CPU
		{19D2C169-2E2B-43D4-B352-D3764ACDEAD0}.Debug|x86.ActiveCfg = Debug|Any CPU
		{19D2C169-2E2B-43D4-B352-D3764ACDEAD0}.Prototype Debug|Any CPU.ActiveCfg = Debug|Any CPU
		{19D2C169-2E2B-43D4-B352-D3764ACDEAD0}.Prototype Debug|Any CPU.Build.0 = Debug|Any CPU
		{19D2C169-2E2B-43D4-B352-D3764ACDEAD0}.Prototype Debug|Mixed Platforms.ActiveCfg = Debug|Any CPU
		{19D2C169-2E2B-43D4-B352-D3764ACDEAD0}.Prototype Debug|Mixed Platforms.Build.0 = Debug|Any CPU
		{19D2C169-2E2B-43D4-B352-D3764ACDEAD0}.Prototype Debug|x86.ActiveCfg = Debug|Any CPU
		{19D2C169-2E2B-43D4-B352-D3764ACDEAD0}.Release|Any CPU.ActiveCfg = Release|Any CPU
		{19D2C169-2E2B-43D4-B352-D3764ACDEAD0}.Release|Any CPU.Build.0 = Release|Any CPU
		{19D2C169-2E2B-43D4-B352-D3764ACDEAD0}.Release|Mixed Platforms.ActiveCfg = Release|Any CPU
		{19D2C169-2E2B-43D4-B352-D3764ACDEAD0}.Release|Mixed Platforms.Build.0 = Release|Any CPU
		{19D2C169-2E2B-43D4-B352-D3764ACDEAD0}.Release|x86.ActiveCfg = Release|Any CPU
		{17D4DBD7-A78B-4634-A335-522BC95CBBDB}.Debug|Any CPU.ActiveCfg = Debug|Any CPU
		{17D4DBD7-A78B-4634-A335-522BC95CBBDB}.Debug|Any CPU.Build.0 = Debug|Any CPU
		{17D4DBD7-A78B-4634-A335-522BC95CBBDB}.Debug|Mixed Platforms.ActiveCfg = Debug|Any CPU
		{17D4DBD7-A78B-4634-A335-522BC95CBBDB}.Debug|Mixed Platforms.Build.0 = Debug|Any CPU
		{17D4DBD7-A78B-4634-A335-522BC95CBBDB}.Debug|x86.ActiveCfg = Debug|Any CPU
		{17D4DBD7-A78B-4634-A335-522BC95CBBDB}.Prototype Debug|Any CPU.ActiveCfg = Debug|Any CPU
		{17D4DBD7-A78B-4634-A335-522BC95CBBDB}.Prototype Debug|Any CPU.Build.0 = Debug|Any CPU
		{17D4DBD7-A78B-4634-A335-522BC95CBBDB}.Prototype Debug|Mixed Platforms.ActiveCfg = Debug|Any CPU
		{17D4DBD7-A78B-4634-A335-522BC95CBBDB}.Prototype Debug|Mixed Platforms.Build.0 = Debug|Any CPU
		{17D4DBD7-A78B-4634-A335-522BC95CBBDB}.Prototype Debug|x86.ActiveCfg = Debug|Any CPU
		{17D4DBD7-A78B-4634-A335-522BC95CBBDB}.Release|Any CPU.ActiveCfg = Release|Any CPU
		{17D4DBD7-A78B-4634-A335-522BC95CBBDB}.Release|Any CPU.Build.0 = Release|Any CPU
		{17D4DBD7-A78B-4634-A335-522BC95CBBDB}.Release|Mixed Platforms.ActiveCfg = Release|Any CPU
		{17D4DBD7-A78B-4634-A335-522BC95CBBDB}.Release|Mixed Platforms.Build.0 = Release|Any CPU
		{17D4DBD7-A78B-4634-A335-522BC95CBBDB}.Release|x86.ActiveCfg = Release|Any CPU
		{FCC4B39A-D3D5-4448-B9EF-6E1FFD45A076}.Debug|Any CPU.ActiveCfg = Debug|Any CPU
		{FCC4B39A-D3D5-4448-B9EF-6E1FFD45A076}.Debug|Any CPU.Build.0 = Debug|Any CPU
		{FCC4B39A-D3D5-4448-B9EF-6E1FFD45A076}.Debug|Mixed Platforms.ActiveCfg = Debug|Any CPU
		{FCC4B39A-D3D5-4448-B9EF-6E1FFD45A076}.Debug|Mixed Platforms.Build.0 = Debug|Any CPU
		{FCC4B39A-D3D5-4448-B9EF-6E1FFD45A076}.Debug|x86.ActiveCfg = Debug|Any CPU
		{FCC4B39A-D3D5-4448-B9EF-6E1FFD45A076}.Debug|x86.Build.0 = Debug|Any CPU
		{FCC4B39A-D3D5-4448-B9EF-6E1FFD45A076}.Prototype Debug|Any CPU.ActiveCfg = Debug|Any CPU
		{FCC4B39A-D3D5-4448-B9EF-6E1FFD45A076}.Prototype Debug|Any CPU.Build.0 = Debug|Any CPU
		{FCC4B39A-D3D5-4448-B9EF-6E1FFD45A076}.Prototype Debug|Mixed Platforms.ActiveCfg = Debug|Any CPU
		{FCC4B39A-D3D5-4448-B9EF-6E1FFD45A076}.Prototype Debug|Mixed Platforms.Build.0 = Debug|Any CPU
		{FCC4B39A-D3D5-4448-B9EF-6E1FFD45A076}.Prototype Debug|x86.ActiveCfg = Debug|Any CPU
		{FCC4B39A-D3D5-4448-B9EF-6E1FFD45A076}.Prototype Debug|x86.Build.0 = Debug|Any CPU
		{FCC4B39A-D3D5-4448-B9EF-6E1FFD45A076}.Release|Any CPU.ActiveCfg = Release|Any CPU
		{FCC4B39A-D3D5-4448-B9EF-6E1FFD45A076}.Release|Any CPU.Build.0 = Release|Any CPU
		{FCC4B39A-D3D5-4448-B9EF-6E1FFD45A076}.Release|Mixed Platforms.ActiveCfg = Release|Any CPU
		{FCC4B39A-D3D5-4448-B9EF-6E1FFD45A076}.Release|Mixed Platforms.Build.0 = Release|Any CPU
		{FCC4B39A-D3D5-4448-B9EF-6E1FFD45A076}.Release|x86.ActiveCfg = Release|Any CPU
		{FCC4B39A-D3D5-4448-B9EF-6E1FFD45A076}.Release|x86.Build.0 = Release|Any CPU
		{2FE725D0-D9B7-4CF6-9075-97AD7C3B5E09}.Debug|Any CPU.ActiveCfg = Debug|Any CPU
		{2FE725D0-D9B7-4CF6-9075-97AD7C3B5E09}.Debug|Any CPU.Build.0 = Debug|Any CPU
		{2FE725D0-D9B7-4CF6-9075-97AD7C3B5E09}.Debug|Mixed Platforms.ActiveCfg = Debug|Any CPU
		{2FE725D0-D9B7-4CF6-9075-97AD7C3B5E09}.Debug|Mixed Platforms.Build.0 = Debug|Any CPU
		{2FE725D0-D9B7-4CF6-9075-97AD7C3B5E09}.Debug|x86.ActiveCfg = Debug|Any CPU
		{2FE725D0-D9B7-4CF6-9075-97AD7C3B5E09}.Debug|x86.Build.0 = Debug|Any CPU
		{2FE725D0-D9B7-4CF6-9075-97AD7C3B5E09}.Prototype Debug|Any CPU.ActiveCfg = Debug|Any CPU
		{2FE725D0-D9B7-4CF6-9075-97AD7C3B5E09}.Prototype Debug|Any CPU.Build.0 = Debug|Any CPU
		{2FE725D0-D9B7-4CF6-9075-97AD7C3B5E09}.Prototype Debug|Mixed Platforms.ActiveCfg = Debug|Any CPU
		{2FE725D0-D9B7-4CF6-9075-97AD7C3B5E09}.Prototype Debug|Mixed Platforms.Build.0 = Debug|Any CPU
		{2FE725D0-D9B7-4CF6-9075-97AD7C3B5E09}.Prototype Debug|x86.ActiveCfg = Debug|Any CPU
		{2FE725D0-D9B7-4CF6-9075-97AD7C3B5E09}.Prototype Debug|x86.Build.0 = Debug|Any CPU
		{2FE725D0-D9B7-4CF6-9075-97AD7C3B5E09}.Release|Any CPU.ActiveCfg = Release|Any CPU
		{2FE725D0-D9B7-4CF6-9075-97AD7C3B5E09}.Release|Any CPU.Build.0 = Release|Any CPU
		{2FE725D0-D9B7-4CF6-9075-97AD7C3B5E09}.Release|Mixed Platforms.ActiveCfg = Release|Any CPU
		{2FE725D0-D9B7-4CF6-9075-97AD7C3B5E09}.Release|Mixed Platforms.Build.0 = Release|Any CPU
		{2FE725D0-D9B7-4CF6-9075-97AD7C3B5E09}.Release|x86.ActiveCfg = Release|Any CPU
		{2FE725D0-D9B7-4CF6-9075-97AD7C3B5E09}.Release|x86.Build.0 = Release|Any CPU
		{0F68640D-715E-4463-9F85-79B3110CA424}.Debug|Any CPU.ActiveCfg = Debug|Any CPU
		{0F68640D-715E-4463-9F85-79B3110CA424}.Debug|Any CPU.Build.0 = Debug|Any CPU
		{0F68640D-715E-4463-9F85-79B3110CA424}.Debug|Mixed Platforms.ActiveCfg = Debug|Any CPU
		{0F68640D-715E-4463-9F85-79B3110CA424}.Debug|Mixed Platforms.Build.0 = Debug|Any CPU
		{0F68640D-715E-4463-9F85-79B3110CA424}.Debug|x86.ActiveCfg = Debug|Any CPU
		{0F68640D-715E-4463-9F85-79B3110CA424}.Debug|x86.Build.0 = Debug|Any CPU
		{0F68640D-715E-4463-9F85-79B3110CA424}.Prototype Debug|Any CPU.ActiveCfg = Debug|Any CPU
		{0F68640D-715E-4463-9F85-79B3110CA424}.Prototype Debug|Any CPU.Build.0 = Debug|Any CPU
		{0F68640D-715E-4463-9F85-79B3110CA424}.Prototype Debug|Mixed Platforms.ActiveCfg = Debug|Any CPU
		{0F68640D-715E-4463-9F85-79B3110CA424}.Prototype Debug|Mixed Platforms.Build.0 = Debug|Any CPU
		{0F68640D-715E-4463-9F85-79B3110CA424}.Prototype Debug|x86.ActiveCfg = Debug|Any CPU
		{0F68640D-715E-4463-9F85-79B3110CA424}.Prototype Debug|x86.Build.0 = Debug|Any CPU
		{0F68640D-715E-4463-9F85-79B3110CA424}.Release|Any CPU.ActiveCfg = Release|Any CPU
		{0F68640D-715E-4463-9F85-79B3110CA424}.Release|Any CPU.Build.0 = Release|Any CPU
		{0F68640D-715E-4463-9F85-79B3110CA424}.Release|Mixed Platforms.ActiveCfg = Release|Any CPU
		{0F68640D-715E-4463-9F85-79B3110CA424}.Release|Mixed Platforms.Build.0 = Release|Any CPU
		{0F68640D-715E-4463-9F85-79B3110CA424}.Release|x86.ActiveCfg = Release|Any CPU
		{0F68640D-715E-4463-9F85-79B3110CA424}.Release|x86.Build.0 = Release|Any CPU
		{133C4C72-BF3D-4AD9-86D4-3818D8B24AFF}.Debug|Any CPU.ActiveCfg = Debug|Any CPU
		{133C4C72-BF3D-4AD9-86D4-3818D8B24AFF}.Debug|Any CPU.Build.0 = Debug|Any CPU
		{133C4C72-BF3D-4AD9-86D4-3818D8B24AFF}.Debug|Mixed Platforms.ActiveCfg = Debug|Any CPU
		{133C4C72-BF3D-4AD9-86D4-3818D8B24AFF}.Debug|Mixed Platforms.Build.0 = Debug|Any CPU
		{133C4C72-BF3D-4AD9-86D4-3818D8B24AFF}.Debug|x86.ActiveCfg = Debug|Any CPU
		{133C4C72-BF3D-4AD9-86D4-3818D8B24AFF}.Debug|x86.Build.0 = Debug|Any CPU
		{133C4C72-BF3D-4AD9-86D4-3818D8B24AFF}.Prototype Debug|Any CPU.ActiveCfg = Debug|Any CPU
		{133C4C72-BF3D-4AD9-86D4-3818D8B24AFF}.Prototype Debug|Any CPU.Build.0 = Debug|Any CPU
		{133C4C72-BF3D-4AD9-86D4-3818D8B24AFF}.Prototype Debug|Mixed Platforms.ActiveCfg = Debug|Any CPU
		{133C4C72-BF3D-4AD9-86D4-3818D8B24AFF}.Prototype Debug|Mixed Platforms.Build.0 = Debug|Any CPU
		{133C4C72-BF3D-4AD9-86D4-3818D8B24AFF}.Prototype Debug|x86.ActiveCfg = Debug|Any CPU
		{133C4C72-BF3D-4AD9-86D4-3818D8B24AFF}.Prototype Debug|x86.Build.0 = Debug|Any CPU
		{133C4C72-BF3D-4AD9-86D4-3818D8B24AFF}.Release|Any CPU.ActiveCfg = Release|Any CPU
		{133C4C72-BF3D-4AD9-86D4-3818D8B24AFF}.Release|Any CPU.Build.0 = Release|Any CPU
		{133C4C72-BF3D-4AD9-86D4-3818D8B24AFF}.Release|Mixed Platforms.ActiveCfg = Release|Any CPU
		{133C4C72-BF3D-4AD9-86D4-3818D8B24AFF}.Release|Mixed Platforms.Build.0 = Release|Any CPU
		{133C4C72-BF3D-4AD9-86D4-3818D8B24AFF}.Release|x86.ActiveCfg = Release|Any CPU
		{133C4C72-BF3D-4AD9-86D4-3818D8B24AFF}.Release|x86.Build.0 = Release|Any CPU
	EndGlobalSection
	GlobalSection(SolutionProperties) = preSolution
		HideSolutionNode = FALSE
	EndGlobalSection
	GlobalSection(ExtensibilityGlobals) = postSolution
		SolutionGuid = {4C1410F0-C2C8-4F43-87A8-03A976AAA7A4}
	EndGlobalSection
EndGlobal
